// !$*UTF8*$!
{
	archiveVersion = 1;
	classes = {
	};
	objectVersion = 56;
	objects = {

/* Begin PBXBuildFile section */
		E15A34832A8CC8DE003263D9 /* LeaderboardRow.swift in Sources */ = {isa = PBXBuildFile; fileRef = E15A34822A8CC8DE003263D9 /* LeaderboardRow.swift */; };
		E1D2248D2A8DC5AE008E60DC /* AchievementView.swift in Sources */ = {isa = PBXBuildFile; fileRef = E1D2248C2A8DC5AE008E60DC /* AchievementView.swift */; };
		E1D2248F2A8DCCD3008E60DC /* AchievementRow.swift in Sources */ = {isa = PBXBuildFile; fileRef = E1D2248E2A8DCCD3008E60DC /* AchievementRow.swift */; };
		E1D224922A8E07C1008E60DC /* users.json in Resources */ = {isa = PBXBuildFile; fileRef = E1D224912A8E07C1008E60DC /* users.json */; };
		E1D224942A8E07D5008E60DC /* User.swift in Sources */ = {isa = PBXBuildFile; fileRef = E1D224932A8E07D5008E60DC /* User.swift */; };
		E1F8C1132A8CF3950014678A /* CenterToolBarTitle.swift in Sources */ = {isa = PBXBuildFile; fileRef = E1F8C1122A8CF3950014678A /* CenterToolBarTitle.swift */; };
		E1F8C11D2A8D0A4F0014678A /* achievements.json in Resources */ = {isa = PBXBuildFile; fileRef = E1F8C11C2A8D0A4F0014678A /* achievements.json */; };
		E1F8C11F2A8D0A7D0014678A /* ReadAchievement.swift in Sources */ = {isa = PBXBuildFile; fileRef = E1F8C11E2A8D0A7D0014678A /* ReadAchievement.swift */; };
		E84900792A8E456C005FA462 /* ChildView.swift in Sources */ = {isa = PBXBuildFile; fileRef = E84900782A8E456C005FA462 /* ChildView.swift */; };
		E849007B2A8E45D5005FA462 /* MainView.swift in Sources */ = {isa = PBXBuildFile; fileRef = E849007A2A8E45D5005FA462 /* MainView.swift */; };
		E849007D2A8E4B8E005FA462 /* ReadUser.swift in Sources */ = {isa = PBXBuildFile; fileRef = E849007C2A8E4B8E005FA462 /* ReadUser.swift */; };
		E84900802A8E4E89005FA462 /* GameHistoryView.swift in Sources */ = {isa = PBXBuildFile; fileRef = E849007F2A8E4E89005FA462 /* GameHistoryView.swift */; };
		F731C80B2A8B163100E22489 /* Memory_GameApp.swift in Sources */ = {isa = PBXBuildFile; fileRef = F731C80A2A8B163100E22489 /* Memory_GameApp.swift */; };
		F731C80D2A8B163100E22489 /* ContentView.swift in Sources */ = {isa = PBXBuildFile; fileRef = F731C80C2A8B163100E22489 /* ContentView.swift */; };
		F731C80F2A8B163300E22489 /* Assets.xcassets in Resources */ = {isa = PBXBuildFile; fileRef = F731C80E2A8B163300E22489 /* Assets.xcassets */; };
		F731C8122A8B163300E22489 /* Preview Assets.xcassets in Resources */ = {isa = PBXBuildFile; fileRef = F731C8112A8B163300E22489 /* Preview Assets.xcassets */; };
		F731C81E2A8B384800E22489 /* Leaderboard.swift in Sources */ = {isa = PBXBuildFile; fileRef = F731C81D2A8B384800E22489 /* Leaderboard.swift */; };
/* End PBXBuildFile section */

/* Begin PBXFileReference section */
		E15A34822A8CC8DE003263D9 /* LeaderboardRow.swift */ = {isa = PBXFileReference; lastKnownFileType = sourcecode.swift; path = LeaderboardRow.swift; sourceTree = "<group>"; };
		E1D2248C2A8DC5AE008E60DC /* AchievementView.swift */ = {isa = PBXFileReference; lastKnownFileType = sourcecode.swift; path = AchievementView.swift; sourceTree = "<group>"; };
		E1D2248E2A8DCCD3008E60DC /* AchievementRow.swift */ = {isa = PBXFileReference; lastKnownFileType = sourcecode.swift; path = AchievementRow.swift; sourceTree = "<group>"; };
		E1D224912A8E07C1008E60DC /* users.json */ = {isa = PBXFileReference; lastKnownFileType = text.json; path = users.json; sourceTree = "<group>"; };
		E1D224932A8E07D5008E60DC /* User.swift */ = {isa = PBXFileReference; lastKnownFileType = sourcecode.swift; path = User.swift; sourceTree = "<group>"; };
		E1F8C1122A8CF3950014678A /* CenterToolBarTitle.swift */ = {isa = PBXFileReference; lastKnownFileType = sourcecode.swift; path = CenterToolBarTitle.swift; sourceTree = "<group>"; };
		E1F8C11C2A8D0A4F0014678A /* achievements.json */ = {isa = PBXFileReference; lastKnownFileType = text.json; path = achievements.json; sourceTree = "<group>"; };
		E1F8C11E2A8D0A7D0014678A /* ReadAchievement.swift */ = {isa = PBXFileReference; lastKnownFileType = sourcecode.swift; path = ReadAchievement.swift; sourceTree = "<group>"; };
		E84900782A8E456C005FA462 /* ChildView.swift */ = {isa = PBXFileReference; lastKnownFileType = sourcecode.swift; path = ChildView.swift; sourceTree = "<group>"; };
		E849007A2A8E45D5005FA462 /* MainView.swift */ = {isa = PBXFileReference; lastKnownFileType = sourcecode.swift; path = MainView.swift; sourceTree = "<group>"; };
		E849007C2A8E4B8E005FA462 /* ReadUser.swift */ = {isa = PBXFileReference; lastKnownFileType = sourcecode.swift; path = ReadUser.swift; sourceTree = "<group>"; };
		E849007F2A8E4E89005FA462 /* GameHistoryView.swift */ = {isa = PBXFileReference; lastKnownFileType = sourcecode.swift; path = GameHistoryView.swift; sourceTree = "<group>"; };
		F731C8072A8B163100E22489 /* Memory Game.app */ = {isa = PBXFileReference; explicitFileType = wrapper.application; includeInIndex = 0; path = "Memory Game.app"; sourceTree = BUILT_PRODUCTS_DIR; };
		F731C80A2A8B163100E22489 /* Memory_GameApp.swift */ = {isa = PBXFileReference; lastKnownFileType = sourcecode.swift; path = Memory_GameApp.swift; sourceTree = "<group>"; };
		F731C80C2A8B163100E22489 /* ContentView.swift */ = {isa = PBXFileReference; lastKnownFileType = sourcecode.swift; path = ContentView.swift; sourceTree = "<group>"; };
		F731C80E2A8B163300E22489 /* Assets.xcassets */ = {isa = PBXFileReference; lastKnownFileType = folder.assetcatalog; path = Assets.xcassets; sourceTree = "<group>"; };
		F731C8112A8B163300E22489 /* Preview Assets.xcassets */ = {isa = PBXFileReference; lastKnownFileType = folder.assetcatalog; path = "Preview Assets.xcassets"; sourceTree = "<group>"; };
		F731C81D2A8B384800E22489 /* Leaderboard.swift */ = {isa = PBXFileReference; lastKnownFileType = sourcecode.swift; path = Leaderboard.swift; sourceTree = "<group>"; };
/* End PBXFileReference section */

/* Begin PBXFrameworksBuildPhase section */
		F731C8042A8B163100E22489 /* Frameworks */ = {
			isa = PBXFrameworksBuildPhase;
			buildActionMask = 2147483647;
			files = (
			);
			runOnlyForDeploymentPostprocessing = 0;
		};
/* End PBXFrameworksBuildPhase section */

/* Begin PBXGroup section */
		E1D2248B2A8DC59B008E60DC /* Achievements */ = {
			isa = PBXGroup;
			children = (
				E1D2248C2A8DC5AE008E60DC /* AchievementView.swift */,
				E1D2248E2A8DCCD3008E60DC /* AchievementRow.swift */,
			);
			path = Achievements;
			sourceTree = "<group>";
		};
		E1D224902A8E0451008E60DC /* Users */ = {
			isa = PBXGroup;
			children = (
				E1D224912A8E07C1008E60DC /* users.json */,
				E1D224932A8E07D5008E60DC /* User.swift */,
				E849007C2A8E4B8E005FA462 /* ReadUser.swift */,
			);
			path = Users;
			sourceTree = "<group>";
		};
		E1D224952A8E243B008E60DC /* Example */ = {
			isa = PBXGroup;
			children = (
				E84900782A8E456C005FA462 /* ChildView.swift */,
				E849007A2A8E45D5005FA462 /* MainView.swift */,
			);
			path = Example;
			sourceTree = "<group>";
		};
		E1F8C1142A8CF4DB0014678A /* Helpers */ = {
			isa = PBXGroup;
			children = (
				E1F8C1122A8CF3950014678A /* CenterToolBarTitle.swift */,
			);
			path = Helpers;
			sourceTree = "<group>";
		};
		E1F8C1172A8D00B60014678A /* Leaderboard */ = {
			isa = PBXGroup;
			children = (
				F731C81D2A8B384800E22489 /* Leaderboard.swift */,
				E15A34822A8CC8DE003263D9 /* LeaderboardRow.swift */,
			);
			path = Leaderboard;
			sourceTree = "<group>";
		};
		E1F8C1192A8D010C0014678A /* Achievements */ = {
			isa = PBXGroup;
			children = (
				E1F8C11C2A8D0A4F0014678A /* achievements.json */,
				E1F8C11E2A8D0A7D0014678A /* ReadAchievement.swift */,
			);
			path = Achievements;
			sourceTree = "<group>";
		};
		E1FB20F72A8C86C700C5D93A /* Model */ = {
			isa = PBXGroup;
			children = (
				E1D224902A8E0451008E60DC /* Users */,
				E1F8C1192A8D010C0014678A /* Achievements */,
			);
			path = Model;
			sourceTree = "<group>";
		};
		E849007E2A8E4E75005FA462 /* Game History */ = {
			isa = PBXGroup;
			children = (
				E849007F2A8E4E89005FA462 /* GameHistoryView.swift */,
			);
			path = "Game History";
			sourceTree = "<group>";
		};
		F731C7FE2A8B163100E22489 = {
			isa = PBXGroup;
			children = (
				F731C8092A8B163100E22489 /* Memory Game */,
				F731C8082A8B163100E22489 /* Products */,
			);
			sourceTree = "<group>";
		};
		F731C8082A8B163100E22489 /* Products */ = {
			isa = PBXGroup;
			children = (
				F731C8072A8B163100E22489 /* Memory Game.app */,
			);
			name = Products;
			sourceTree = "<group>";
		};
		F731C8092A8B163100E22489 /* Memory Game */ = {
			isa = PBXGroup;
			children = (
				F731C80A2A8B163100E22489 /* Memory_GameApp.swift */,
				F731C81C2A8B382800E22489 /* View */,
				F731C80E2A8B163300E22489 /* Assets.xcassets */,
				F731C8102A8B163300E22489 /* Preview Content */,
			);
			path = "Memory Game";
			sourceTree = "<group>";
		};
		F731C8102A8B163300E22489 /* Preview Content */ = {
			isa = PBXGroup;
			children = (
				F731C8112A8B163300E22489 /* Preview Assets.xcassets */,
			);
			path = "Preview Content";
			sourceTree = "<group>";
		};
		F731C81C2A8B382800E22489 /* View */ = {
			isa = PBXGroup;
			children = (
				E1D224952A8E243B008E60DC /* Example */,
				F731C80C2A8B163100E22489 /* ContentView.swift */,
				E849007E2A8E4E75005FA462 /* Game History */,
				E1D2248B2A8DC59B008E60DC /* Achievements */,
				E1F8C1172A8D00B60014678A /* Leaderboard */,
				E1F8C1142A8CF4DB0014678A /* Helpers */,
				E1FB20F72A8C86C700C5D93A /* Model */,
			);
			path = View;
			sourceTree = "<group>";
		};
/* End PBXGroup section */

/* Begin PBXNativeTarget section */
		F731C8062A8B163100E22489 /* Memory Game */ = {
			isa = PBXNativeTarget;
			buildConfigurationList = F731C8152A8B163300E22489 /* Build configuration list for PBXNativeTarget "Memory Game" */;
			buildPhases = (
				F731C8032A8B163100E22489 /* Sources */,
				F731C8042A8B163100E22489 /* Frameworks */,
				F731C8052A8B163100E22489 /* Resources */,
			);
			buildRules = (
			);
			dependencies = (
			);
			name = "Memory Game";
			productName = "Memory Game";
			productReference = F731C8072A8B163100E22489 /* Memory Game.app */;
			productType = "com.apple.product-type.application";
		};
/* End PBXNativeTarget section */

/* Begin PBXProject section */
		F731C7FF2A8B163100E22489 /* Project object */ = {
			isa = PBXProject;
			attributes = {
				BuildIndependentTargetsInParallel = 1;
				LastSwiftUpdateCheck = 1430;
				LastUpgradeCheck = 1430;
				TargetAttributes = {
					F731C8062A8B163100E22489 = {
						CreatedOnToolsVersion = 14.3.1;
					};
				};
			};
			buildConfigurationList = F731C8022A8B163100E22489 /* Build configuration list for PBXProject "Memory Game" */;
			compatibilityVersion = "Xcode 14.0";
			developmentRegion = en;
			hasScannedForEncodings = 0;
			knownRegions = (
				en,
				Base,
			);
			mainGroup = F731C7FE2A8B163100E22489;
			productRefGroup = F731C8082A8B163100E22489 /* Products */;
			projectDirPath = "";
			projectRoot = "";
			targets = (
				F731C8062A8B163100E22489 /* Memory Game */,
			);
		};
/* End PBXProject section */

/* Begin PBXResourcesBuildPhase section */
		F731C8052A8B163100E22489 /* Resources */ = {
			isa = PBXResourcesBuildPhase;
			buildActionMask = 2147483647;
			files = (
				E1D224922A8E07C1008E60DC /* users.json in Resources */,
				F731C8122A8B163300E22489 /* Preview Assets.xcassets in Resources */,
				E1F8C11D2A8D0A4F0014678A /* achievements.json in Resources */,
				F731C80F2A8B163300E22489 /* Assets.xcassets in Resources */,
			);
			runOnlyForDeploymentPostprocessing = 0;
		};
/* End PBXResourcesBuildPhase section */

/* Begin PBXSourcesBuildPhase section */
		F731C8032A8B163100E22489 /* Sources */ = {
			isa = PBXSourcesBuildPhase;
			buildActionMask = 2147483647;
			files = (
				F731C80D2A8B163100E22489 /* ContentView.swift in Sources */,
				E849007B2A8E45D5005FA462 /* MainView.swift in Sources */,
				E1F8C1132A8CF3950014678A /* CenterToolBarTitle.swift in Sources */,
				E1D2248D2A8DC5AE008E60DC /* AchievementView.swift in Sources */,
				F731C81E2A8B384800E22489 /* Leaderboard.swift in Sources */,
				E84900792A8E456C005FA462 /* ChildView.swift in Sources */,
				E15A34832A8CC8DE003263D9 /* LeaderboardRow.swift in Sources */,
				F731C80B2A8B163100E22489 /* Memory_GameApp.swift in Sources */,
				E1F8C11F2A8D0A7D0014678A /* ReadAchievement.swift in Sources */,
				E84900802A8E4E89005FA462 /* GameHistoryView.swift in Sources */,
				E849007D2A8E4B8E005FA462 /* ReadUser.swift in Sources */,
				E1D2248F2A8DCCD3008E60DC /* AchievementRow.swift in Sources */,
				E1D224942A8E07D5008E60DC /* User.swift in Sources */,
			);
			runOnlyForDeploymentPostprocessing = 0;
		};
/* End PBXSourcesBuildPhase section */

/* Begin XCBuildConfiguration section */
		F731C8132A8B163300E22489 /* Debug */ = {
			isa = XCBuildConfiguration;
			buildSettings = {
				ALWAYS_SEARCH_USER_PATHS = NO;
				CLANG_ANALYZER_NONNULL = YES;
				CLANG_ANALYZER_NUMBER_OBJECT_CONVERSION = YES_AGGRESSIVE;
				CLANG_CXX_LANGUAGE_STANDARD = "gnu++20";
				CLANG_ENABLE_MODULES = YES;
				CLANG_ENABLE_OBJC_ARC = YES;
				CLANG_ENABLE_OBJC_WEAK = YES;
				CLANG_WARN_BLOCK_CAPTURE_AUTORELEASING = YES;
				CLANG_WARN_BOOL_CONVERSION = YES;
				CLANG_WARN_COMMA = YES;
				CLANG_WARN_CONSTANT_CONVERSION = YES;
				CLANG_WARN_DEPRECATED_OBJC_IMPLEMENTATIONS = YES;
				CLANG_WARN_DIRECT_OBJC_ISA_USAGE = YES_ERROR;
				CLANG_WARN_DOCUMENTATION_COMMENTS = YES;
				CLANG_WARN_EMPTY_BODY = YES;
				CLANG_WARN_ENUM_CONVERSION = YES;
				CLANG_WARN_INFINITE_RECURSION = YES;
				CLANG_WARN_INT_CONVERSION = YES;
				CLANG_WARN_NON_LITERAL_NULL_CONVERSION = YES;
				CLANG_WARN_OBJC_IMPLICIT_RETAIN_SELF = YES;
				CLANG_WARN_OBJC_LITERAL_CONVERSION = YES;
				CLANG_WARN_OBJC_ROOT_CLASS = YES_ERROR;
				CLANG_WARN_QUOTED_INCLUDE_IN_FRAMEWORK_HEADER = YES;
				CLANG_WARN_RANGE_LOOP_ANALYSIS = YES;
				CLANG_WARN_STRICT_PROTOTYPES = YES;
				CLANG_WARN_SUSPICIOUS_MOVE = YES;
				CLANG_WARN_UNGUARDED_AVAILABILITY = YES_AGGRESSIVE;
				CLANG_WARN_UNREACHABLE_CODE = YES;
				CLANG_WARN__DUPLICATE_METHOD_MATCH = YES;
				COPY_PHASE_STRIP = NO;
				DEBUG_INFORMATION_FORMAT = dwarf;
				ENABLE_STRICT_OBJC_MSGSEND = YES;
				ENABLE_TESTABILITY = YES;
				GCC_C_LANGUAGE_STANDARD = gnu11;
				GCC_DYNAMIC_NO_PIC = NO;
				GCC_NO_COMMON_BLOCKS = YES;
				GCC_OPTIMIZATION_LEVEL = 0;
				GCC_PREPROCESSOR_DEFINITIONS = (
					"DEBUG=1",
					"$(inherited)",
				);
				GCC_WARN_64_TO_32_BIT_CONVERSION = YES;
				GCC_WARN_ABOUT_RETURN_TYPE = YES_ERROR;
				GCC_WARN_UNDECLARED_SELECTOR = YES;
				GCC_WARN_UNINITIALIZED_AUTOS = YES_AGGRESSIVE;
				GCC_WARN_UNUSED_FUNCTION = YES;
				GCC_WARN_UNUSED_VARIABLE = YES;
				IPHONEOS_DEPLOYMENT_TARGET = 16.4;
				MTL_ENABLE_DEBUG_INFO = INCLUDE_SOURCE;
				MTL_FAST_MATH = YES;
				ONLY_ACTIVE_ARCH = YES;
				SDKROOT = iphoneos;
				SWIFT_ACTIVE_COMPILATION_CONDITIONS = DEBUG;
				SWIFT_OPTIMIZATION_LEVEL = "-Onone";
			};
			name = Debug;
		};
		F731C8142A8B163300E22489 /* Release */ = {
			isa = XCBuildConfiguration;
			buildSettings = {
				ALWAYS_SEARCH_USER_PATHS = NO;
				CLANG_ANALYZER_NONNULL = YES;
				CLANG_ANALYZER_NUMBER_OBJECT_CONVERSION = YES_AGGRESSIVE;
				CLANG_CXX_LANGUAGE_STANDARD = "gnu++20";
				CLANG_ENABLE_MODULES = YES;
				CLANG_ENABLE_OBJC_ARC = YES;
				CLANG_ENABLE_OBJC_WEAK = YES;
				CLANG_WARN_BLOCK_CAPTURE_AUTORELEASING = YES;
				CLANG_WARN_BOOL_CONVERSION = YES;
				CLANG_WARN_COMMA = YES;
				CLANG_WARN_CONSTANT_CONVERSION = YES;
				CLANG_WARN_DEPRECATED_OBJC_IMPLEMENTATIONS = YES;
				CLANG_WARN_DIRECT_OBJC_ISA_USAGE = YES_ERROR;
				CLANG_WARN_DOCUMENTATION_COMMENTS = YES;
				CLANG_WARN_EMPTY_BODY = YES;
				CLANG_WARN_ENUM_CONVERSION = YES;
				CLANG_WARN_INFINITE_RECURSION = YES;
				CLANG_WARN_INT_CONVERSION = YES;
				CLANG_WARN_NON_LITERAL_NULL_CONVERSION = YES;
				CLANG_WARN_OBJC_IMPLICIT_RETAIN_SELF = YES;
				CLANG_WARN_OBJC_LITERAL_CONVERSION = YES;
				CLANG_WARN_OBJC_ROOT_CLASS = YES_ERROR;
				CLANG_WARN_QUOTED_INCLUDE_IN_FRAMEWORK_HEADER = YES;
				CLANG_WARN_RANGE_LOOP_ANALYSIS = YES;
				CLANG_WARN_STRICT_PROTOTYPES = YES;
				CLANG_WARN_SUSPICIOUS_MOVE = YES;
				CLANG_WARN_UNGUARDED_AVAILABILITY = YES_AGGRESSIVE;
				CLANG_WARN_UNREACHABLE_CODE = YES;
				CLANG_WARN__DUPLICATE_METHOD_MATCH = YES;
				COPY_PHASE_STRIP = NO;
				DEBUG_INFORMATION_FORMAT = "dwarf-with-dsym";
				ENABLE_NS_ASSERTIONS = NO;
				ENABLE_STRICT_OBJC_MSGSEND = YES;
				GCC_C_LANGUAGE_STANDARD = gnu11;
				GCC_NO_COMMON_BLOCKS = YES;
				GCC_WARN_64_TO_32_BIT_CONVERSION = YES;
				GCC_WARN_ABOUT_RETURN_TYPE = YES_ERROR;
				GCC_WARN_UNDECLARED_SELECTOR = YES;
				GCC_WARN_UNINITIALIZED_AUTOS = YES_AGGRESSIVE;
				GCC_WARN_UNUSED_FUNCTION = YES;
				GCC_WARN_UNUSED_VARIABLE = YES;
				IPHONEOS_DEPLOYMENT_TARGET = 16.4;
				MTL_ENABLE_DEBUG_INFO = NO;
				MTL_FAST_MATH = YES;
				SDKROOT = iphoneos;
				SWIFT_COMPILATION_MODE = wholemodule;
				SWIFT_OPTIMIZATION_LEVEL = "-O";
				VALIDATE_PRODUCT = YES;
			};
			name = Release;
		};
		F731C8162A8B163300E22489 /* Debug */ = {
			isa = XCBuildConfiguration;
			buildSettings = {
				ASSETCATALOG_COMPILER_APPICON_NAME = AppIcon;
				ASSETCATALOG_COMPILER_GLOBAL_ACCENT_COLOR_NAME = AccentColor;
				CODE_SIGN_STYLE = Automatic;
				CURRENT_PROJECT_VERSION = 1;
				DEVELOPMENT_ASSET_PATHS = "\"Memory Game/Preview Content\"";
				DEVELOPMENT_TEAM = LRK8DCM66Z;
				ENABLE_PREVIEWS = YES;
				GENERATE_INFOPLIST_FILE = YES;
				INFOPLIST_KEY_UIApplicationSceneManifest_Generation = YES;
				INFOPLIST_KEY_UIApplicationSupportsIndirectInputEvents = YES;
				INFOPLIST_KEY_UILaunchScreen_Generation = YES;
				INFOPLIST_KEY_UISupportedInterfaceOrientations_iPad = "UIInterfaceOrientationPortrait UIInterfaceOrientationPortraitUpsideDown UIInterfaceOrientationLandscapeLeft UIInterfaceOrientationLandscapeRight";
				INFOPLIST_KEY_UISupportedInterfaceOrientations_iPhone = "UIInterfaceOrientationPortrait UIInterfaceOrientationLandscapeLeft UIInterfaceOrientationLandscapeRight";
				LD_RUNPATH_SEARCH_PATHS = (
					"$(inherited)",
					"@executable_path/Frameworks",
				);
				MARKETING_VERSION = 1.0;
				PRODUCT_BUNDLE_IDENTIFIER = "com.WillConnCo.Memory-Game";
				PRODUCT_NAME = "$(TARGET_NAME)";
				SWIFT_EMIT_LOC_STRINGS = YES;
				SWIFT_VERSION = 5.0;
				TARGETED_DEVICE_FAMILY = "1,2";
			};
			name = Debug;
		};
		F731C8172A8B163300E22489 /* Release */ = {
			isa = XCBuildConfiguration;
			buildSettings = {
				ASSETCATALOG_COMPILER_APPICON_NAME = AppIcon;
				ASSETCATALOG_COMPILER_GLOBAL_ACCENT_COLOR_NAME = AccentColor;
				CODE_SIGN_STYLE = Automatic;
				CURRENT_PROJECT_VERSION = 1;
				DEVELOPMENT_ASSET_PATHS = "\"Memory Game/Preview Content\"";
				DEVELOPMENT_TEAM = LRK8DCM66Z;
				ENABLE_PREVIEWS = YES;
				GENERATE_INFOPLIST_FILE = YES;
				INFOPLIST_KEY_UIApplicationSceneManifest_Generation = YES;
				INFOPLIST_KEY_UIApplicationSupportsIndirectInputEvents = YES;
				INFOPLIST_KEY_UILaunchScreen_Generation = YES;
				INFOPLIST_KEY_UISupportedInterfaceOrientations_iPad = "UIInterfaceOrientationPortrait UIInterfaceOrientationPortraitUpsideDown UIInterfaceOrientationLandscapeLeft UIInterfaceOrientationLandscapeRight";
				INFOPLIST_KEY_UISupportedInterfaceOrientations_iPhone = "UIInterfaceOrientationPortrait UIInterfaceOrientationLandscapeLeft UIInterfaceOrientationLandscapeRight";
				LD_RUNPATH_SEARCH_PATHS = (
					"$(inherited)",
					"@executable_path/Frameworks",
				);
				MARKETING_VERSION = 1.0;
				PRODUCT_BUNDLE_IDENTIFIER = "com.WillConnCo.Memory-Game";
				PRODUCT_NAME = "$(TARGET_NAME)";
				SWIFT_EMIT_LOC_STRINGS = YES;
				SWIFT_VERSION = 5.0;
				TARGETED_DEVICE_FAMILY = "1,2";
			};
			name = Release;
		};
/* End XCBuildConfiguration section */

/* Begin XCConfigurationList section */
		F731C8022A8B163100E22489 /* Build configuration list for PBXProject "Memory Game" */ = {
			isa = XCConfigurationList;
			buildConfigurations = (
				F731C8132A8B163300E22489 /* Debug */,
				F731C8142A8B163300E22489 /* Release */,
			);
			defaultConfigurationIsVisible = 0;
			defaultConfigurationName = Release;
		};
		F731C8152A8B163300E22489 /* Build configuration list for PBXNativeTarget "Memory Game" */ = {
			isa = XCConfigurationList;
			buildConfigurations = (
				F731C8162A8B163300E22489 /* Debug */,
				F731C8172A8B163300E22489 /* Release */,
			);
			defaultConfigurationIsVisible = 0;
			defaultConfigurationName = Release;
		};
/* End XCConfigurationList section */
	};
	rootObject = F731C7FF2A8B163100E22489 /* Project object */;
}
