// !$*UTF8*$!
{
	archiveVersion = 1;
	classes = {
	};
	objectVersion = 56;
	objects = {

/* Begin PBXBuildFile section */
		E15A34832A8CC8DE003263D9 /* LeaderboardRow.swift in Sources */ = {isa = PBXBuildFile; fileRef = E15A34822A8CC8DE003263D9 /* LeaderboardRow.swift */; };
		E1D2248D2A8DC5AE008E60DC /* AchievementView.swift in Sources */ = {isa = PBXBuildFile; fileRef = E1D2248C2A8DC5AE008E60DC /* AchievementView.swift */; };
		E1D2248F2A8DCCD3008E60DC /* AchievementRow.swift in Sources */ = {isa = PBXBuildFile; fileRef = E1D2248E2A8DCCD3008E60DC /* AchievementRow.swift */; };
		E1D224942A8E07D5008E60DC /* User.swift in Sources */ = {isa = PBXBuildFile; fileRef = E1D224932A8E07D5008E60DC /* User.swift */; };
		E1F8C1132A8CF3950014678A /* CenterToolBarTitle.swift in Sources */ = {isa = PBXBuildFile; fileRef = E1F8C1122A8CF3950014678A /* CenterToolBarTitle.swift */; };
		E1F8C11D2A8D0A4F0014678A /* achievements.json in Resources */ = {isa = PBXBuildFile; fileRef = E1F8C11C2A8D0A4F0014678A /* achievements.json */; };
		E84900802A8E4E89005FA462 /* GameHistoryView.swift in Sources */ = {isa = PBXBuildFile; fileRef = E849007F2A8E4E89005FA462 /* GameHistoryView.swift */; };
		E8921D0B2A90D3F1006D1A51 /* HowToView.swift in Sources */ = {isa = PBXBuildFile; fileRef = E8921D0A2A90D3F1006D1A51 /* HowToView.swift */; };
		E899C50C2AAA277F00E7A0EC /* iOS Development - Assignment 2 - s3938145 -Report.pdf in Resources */ = {isa = PBXBuildFile; fileRef = E899C50B2AAA277F00E7A0EC /* iOS Development - Assignment 2 - s3938145 -Report.pdf */; };
		E89AF6F82AA81A6800D3B5AF /* NoItemView.swift in Sources */ = {isa = PBXBuildFile; fileRef = E89AF6F72AA81A6800D3B5AF /* NoItemView.swift */; };
		E89AF6FE2AA857F300D3B5AF /* AddUser.swift in Sources */ = {isa = PBXBuildFile; fileRef = E89AF6FD2AA857F300D3B5AF /* AddUser.swift */; };
		E89D30372AA961F400474649 /* GameViewModel.swift in Sources */ = {isa = PBXBuildFile; fileRef = E89D30362AA961F400474649 /* GameViewModel.swift */; };
		E89D30392AA9B56900474649 /* AchievementsViewModel.swift in Sources */ = {isa = PBXBuildFile; fileRef = E89D30382AA9B56900474649 /* AchievementsViewModel.swift */; };
		E8A3DD912A905A4100615B15 /* MenuButtons.swift in Sources */ = {isa = PBXBuildFile; fileRef = E8A3DD902A905A4100615B15 /* MenuButtons.swift */; };
		E8B0735F2AA70F80004BE4F6 /* SwitchUser.swift in Sources */ = {isa = PBXBuildFile; fileRef = E8B0735E2AA70F80004BE4F6 /* SwitchUser.swift */; };
		E8B073612AA72066004BE4F6 /* Achievement.swift in Sources */ = {isa = PBXBuildFile; fileRef = E8B073602AA72066004BE4F6 /* Achievement.swift */; };
		E8B073682AA751A3004BE4F6 /* UserViewModel.swift in Sources */ = {isa = PBXBuildFile; fileRef = E8B073672AA751A3004BE4F6 /* UserViewModel.swift */; };
		E8BD7E972AA8B25A005CD59C /* GameView.swift in Sources */ = {isa = PBXBuildFile; fileRef = E8BD7E962AA8B25A005CD59C /* GameView.swift */; };
		E8BD7E992AA8BD7C005CD59C /* GameOver.swift in Sources */ = {isa = PBXBuildFile; fileRef = E8BD7E982AA8BD7C005CD59C /* GameOver.swift */; };
		E8BD7E9B2AA8CD42005CD59C /* Setting.swift in Sources */ = {isa = PBXBuildFile; fileRef = E8BD7E9A2AA8CD42005CD59C /* Setting.swift */; };
		E8BD7E9D2AA8CD70005CD59C /* Difficulty.swift in Sources */ = {isa = PBXBuildFile; fileRef = E8BD7E9C2AA8CD70005CD59C /* Difficulty.swift */; };
		E8BD7E9F2AA8CF46005CD59C /* DifficultySelection.swift in Sources */ = {isa = PBXBuildFile; fileRef = E8BD7E9E2AA8CF46005CD59C /* DifficultySelection.swift */; };
		E8F329B52AA9CACF0055AC50 /* MusicPlayer.swift in Sources */ = {isa = PBXBuildFile; fileRef = E8F329B42AA9CACF0055AC50 /* MusicPlayer.swift */; };
		E8F329B82AA9CB160055AC50 /* Sound.swift in Sources */ = {isa = PBXBuildFile; fileRef = E8F329B72AA9CB160055AC50 /* Sound.swift */; };
		E8F329BA2AA9CBF60055AC50 /* click.wav in Resources */ = {isa = PBXBuildFile; fileRef = E8F329B92AA9CBF60055AC50 /* click.wav */; };
		E8F329BC2AA9D3CF0055AC50 /* cardFlip.wav in Resources */ = {isa = PBXBuildFile; fileRef = E8F329BB2AA9D3CF0055AC50 /* cardFlip.wav */; };
		E8F329BE2AA9D3ED0055AC50 /* victory.wav in Resources */ = {isa = PBXBuildFile; fileRef = E8F329BD2AA9D3ED0055AC50 /* victory.wav */; };
		E8F329C02AA9D44C0055AC50 /* cardShuffle.mp3 in Resources */ = {isa = PBXBuildFile; fileRef = E8F329BF2AA9D44C0055AC50 /* cardShuffle.mp3 */; };
		E8F329C22AA9D46D0055AC50 /* defeat.mp3 in Resources */ = {isa = PBXBuildFile; fileRef = E8F329C12AA9D46D0055AC50 /* defeat.mp3 */; };
		E8F329CB2AA9D7800055AC50 /* Dreamland.mp3 in Resources */ = {isa = PBXBuildFile; fileRef = E8F329C72AA9D77F0055AC50 /* Dreamland.mp3 */; };
		E8F329CC2AA9D7800055AC50 /* Snowfall.mp3 in Resources */ = {isa = PBXBuildFile; fileRef = E8F329C82AA9D7800055AC50 /* Snowfall.mp3 */; };
		E8F329CD2AA9D7800055AC50 /* Allegro.mp3 in Resources */ = {isa = PBXBuildFile; fileRef = E8F329C92AA9D7800055AC50 /* Allegro.mp3 */; };
		E8F329CE2AA9D7800055AC50 /* Ceremonial.mp3 in Resources */ = {isa = PBXBuildFile; fileRef = E8F329CA2AA9D7800055AC50 /* Ceremonial.mp3 */; };
		F731C80B2A8B163100E22489 /* Memory_GameApp.swift in Sources */ = {isa = PBXBuildFile; fileRef = F731C80A2A8B163100E22489 /* Memory_GameApp.swift */; };
		F731C80D2A8B163100E22489 /* ContentView.swift in Sources */ = {isa = PBXBuildFile; fileRef = F731C80C2A8B163100E22489 /* ContentView.swift */; };
		F731C80F2A8B163300E22489 /* Assets.xcassets in Resources */ = {isa = PBXBuildFile; fileRef = F731C80E2A8B163300E22489 /* Assets.xcassets */; };
		F731C8122A8B163300E22489 /* Preview Assets.xcassets in Resources */ = {isa = PBXBuildFile; fileRef = F731C8112A8B163300E22489 /* Preview Assets.xcassets */; };
		F731C81E2A8B384800E22489 /* Leaderboard.swift in Sources */ = {isa = PBXBuildFile; fileRef = F731C81D2A8B384800E22489 /* Leaderboard.swift */; };
/* End PBXBuildFile section */

/* Begin PBXFileReference section */
		E15A34822A8CC8DE003263D9 /* LeaderboardRow.swift */ = {isa = PBXFileReference; lastKnownFileType = sourcecode.swift; path = LeaderboardRow.swift; sourceTree = "<group>"; };
		E1D2248C2A8DC5AE008E60DC /* AchievementView.swift */ = {isa = PBXFileReference; lastKnownFileType = sourcecode.swift; path = AchievementView.swift; sourceTree = "<group>"; };
		E1D2248E2A8DCCD3008E60DC /* AchievementRow.swift */ = {isa = PBXFileReference; lastKnownFileType = sourcecode.swift; path = AchievementRow.swift; sourceTree = "<group>"; };
		E1D224932A8E07D5008E60DC /* User.swift */ = {isa = PBXFileReference; lastKnownFileType = sourcecode.swift; path = User.swift; sourceTree = "<group>"; };
		E1F8C1122A8CF3950014678A /* CenterToolBarTitle.swift */ = {isa = PBXFileReference; lastKnownFileType = sourcecode.swift; path = CenterToolBarTitle.swift; sourceTree = "<group>"; };
		E1F8C11C2A8D0A4F0014678A /* achievements.json */ = {isa = PBXFileReference; lastKnownFileType = text.json; path = achievements.json; sourceTree = "<group>"; };
		E849007F2A8E4E89005FA462 /* GameHistoryView.swift */ = {isa = PBXFileReference; lastKnownFileType = sourcecode.swift; path = GameHistoryView.swift; sourceTree = "<group>"; };
		E8921D0A2A90D3F1006D1A51 /* HowToView.swift */ = {isa = PBXFileReference; lastKnownFileType = sourcecode.swift; path = HowToView.swift; sourceTree = "<group>"; };
		E899C50B2AAA277F00E7A0EC /* iOS Development - Assignment 2 - s3938145 -Report.pdf */ = {isa = PBXFileReference; lastKnownFileType = image.pdf; path = "iOS Development - Assignment 2 - s3938145 -Report.pdf"; sourceTree = "<group>"; };
		E89AF6F72AA81A6800D3B5AF /* NoItemView.swift */ = {isa = PBXFileReference; lastKnownFileType = sourcecode.swift; path = NoItemView.swift; sourceTree = "<group>"; };
		E89AF6FD2AA857F300D3B5AF /* AddUser.swift */ = {isa = PBXFileReference; lastKnownFileType = sourcecode.swift; path = AddUser.swift; sourceTree = "<group>"; };
		E89D30362AA961F400474649 /* GameViewModel.swift */ = {isa = PBXFileReference; lastKnownFileType = sourcecode.swift; path = GameViewModel.swift; sourceTree = "<group>"; };
		E89D30382AA9B56900474649 /* AchievementsViewModel.swift */ = {isa = PBXFileReference; lastKnownFileType = sourcecode.swift; path = AchievementsViewModel.swift; sourceTree = "<group>"; };
		E8A3DD902A905A4100615B15 /* MenuButtons.swift */ = {isa = PBXFileReference; lastKnownFileType = sourcecode.swift; path = MenuButtons.swift; sourceTree = "<group>"; };
		E8B0735E2AA70F80004BE4F6 /* SwitchUser.swift */ = {isa = PBXFileReference; lastKnownFileType = sourcecode.swift; path = SwitchUser.swift; sourceTree = "<group>"; };
		E8B073602AA72066004BE4F6 /* Achievement.swift */ = {isa = PBXFileReference; lastKnownFileType = sourcecode.swift; path = Achievement.swift; sourceTree = "<group>"; };
		E8B073672AA751A3004BE4F6 /* UserViewModel.swift */ = {isa = PBXFileReference; lastKnownFileType = sourcecode.swift; path = UserViewModel.swift; sourceTree = "<group>"; };
		E8BD7E962AA8B25A005CD59C /* GameView.swift */ = {isa = PBXFileReference; lastKnownFileType = sourcecode.swift; path = GameView.swift; sourceTree = "<group>"; };
		E8BD7E982AA8BD7C005CD59C /* GameOver.swift */ = {isa = PBXFileReference; lastKnownFileType = sourcecode.swift; path = GameOver.swift; sourceTree = "<group>"; };
		E8BD7E9A2AA8CD42005CD59C /* Setting.swift */ = {isa = PBXFileReference; lastKnownFileType = sourcecode.swift; path = Setting.swift; sourceTree = "<group>"; };
		E8BD7E9C2AA8CD70005CD59C /* Difficulty.swift */ = {isa = PBXFileReference; lastKnownFileType = sourcecode.swift; path = Difficulty.swift; sourceTree = "<group>"; };
		E8BD7E9E2AA8CF46005CD59C /* DifficultySelection.swift */ = {isa = PBXFileReference; lastKnownFileType = sourcecode.swift; path = DifficultySelection.swift; sourceTree = "<group>"; };
		E8F329B42AA9CACF0055AC50 /* MusicPlayer.swift */ = {isa = PBXFileReference; lastKnownFileType = sourcecode.swift; path = MusicPlayer.swift; sourceTree = "<group>"; };
		E8F329B72AA9CB160055AC50 /* Sound.swift */ = {isa = PBXFileReference; lastKnownFileType = sourcecode.swift; path = Sound.swift; sourceTree = "<group>"; };
		E8F329B92AA9CBF60055AC50 /* click.wav */ = {isa = PBXFileReference; lastKnownFileType = audio.wav; path = click.wav; sourceTree = "<group>"; };
		E8F329BB2AA9D3CF0055AC50 /* cardFlip.wav */ = {isa = PBXFileReference; lastKnownFileType = audio.wav; path = cardFlip.wav; sourceTree = "<group>"; };
		E8F329BD2AA9D3ED0055AC50 /* victory.wav */ = {isa = PBXFileReference; lastKnownFileType = audio.wav; path = victory.wav; sourceTree = "<group>"; };
		E8F329BF2AA9D44C0055AC50 /* cardShuffle.mp3 */ = {isa = PBXFileReference; lastKnownFileType = audio.mp3; path = cardShuffle.mp3; sourceTree = "<group>"; };
		E8F329C12AA9D46D0055AC50 /* defeat.mp3 */ = {isa = PBXFileReference; lastKnownFileType = audio.mp3; path = defeat.mp3; sourceTree = "<group>"; };
		E8F329C72AA9D77F0055AC50 /* Dreamland.mp3 */ = {isa = PBXFileReference; lastKnownFileType = audio.mp3; path = Dreamland.mp3; sourceTree = "<group>"; };
		E8F329C82AA9D7800055AC50 /* Snowfall.mp3 */ = {isa = PBXFileReference; lastKnownFileType = audio.mp3; path = Snowfall.mp3; sourceTree = "<group>"; };
		E8F329C92AA9D7800055AC50 /* Allegro.mp3 */ = {isa = PBXFileReference; lastKnownFileType = audio.mp3; path = Allegro.mp3; sourceTree = "<group>"; };
		E8F329CA2AA9D7800055AC50 /* Ceremonial.mp3 */ = {isa = PBXFileReference; lastKnownFileType = audio.mp3; path = Ceremonial.mp3; sourceTree = "<group>"; };
		F731C8072A8B163100E22489 /* Memory Game.app */ = {isa = PBXFileReference; explicitFileType = wrapper.application; includeInIndex = 0; path = "Memory Game.app"; sourceTree = BUILT_PRODUCTS_DIR; };
		F731C80A2A8B163100E22489 /* Memory_GameApp.swift */ = {isa = PBXFileReference; lastKnownFileType = sourcecode.swift; path = Memory_GameApp.swift; sourceTree = "<group>"; };
		F731C80C2A8B163100E22489 /* ContentView.swift */ = {isa = PBXFileReference; lastKnownFileType = sourcecode.swift; path = ContentView.swift; sourceTree = "<group>"; };
		F731C80E2A8B163300E22489 /* Assets.xcassets */ = {isa = PBXFileReference; lastKnownFileType = folder.assetcatalog; path = Assets.xcassets; sourceTree = "<group>"; };
		F731C8112A8B163300E22489 /* Preview Assets.xcassets */ = {isa = PBXFileReference; lastKnownFileType = folder.assetcatalog; path = "Preview Assets.xcassets"; sourceTree = "<group>"; };
		F731C81D2A8B384800E22489 /* Leaderboard.swift */ = {isa = PBXFileReference; lastKnownFileType = sourcecode.swift; path = Leaderboard.swift; sourceTree = "<group>"; };
/* End PBXFileReference section */

/* Begin PBXFrameworksBuildPhase section */
		F731C8042A8B163100E22489 /* Frameworks */ = {
			isa = PBXFrameworksBuildPhase;
			buildActionMask = 2147483647;
			files = (
			);
			runOnlyForDeploymentPostprocessing = 0;
		};
/* End PBXFrameworksBuildPhase section */

/* Begin PBXGroup section */
		E1D2248B2A8DC59B008E60DC /* Achievements */ = {
			isa = PBXGroup;
			children = (
				E1D2248C2A8DC5AE008E60DC /* AchievementView.swift */,
				E1D2248E2A8DCCD3008E60DC /* AchievementRow.swift */,
			);
			path = Achievements;
			sourceTree = "<group>";
		};
		E1D224902A8E0451008E60DC /* Users */ = {
			isa = PBXGroup;
			children = (
				E1D224932A8E07D5008E60DC /* User.swift */,
			);
			path = Users;
			sourceTree = "<group>";
		};
		E1F8C1142A8CF4DB0014678A /* Helpers */ = {
			isa = PBXGroup;
			children = (
				E1F8C1122A8CF3950014678A /* CenterToolBarTitle.swift */,
				E8A3DD902A905A4100615B15 /* MenuButtons.swift */,
			);
			path = Helpers;
			sourceTree = "<group>";
		};
		E1F8C1172A8D00B60014678A /* Leaderboard */ = {
			isa = PBXGroup;
			children = (
				E849007E2A8E4E75005FA462 /* Game History */,
				F731C81D2A8B384800E22489 /* Leaderboard.swift */,
				E15A34822A8CC8DE003263D9 /* LeaderboardRow.swift */,
			);
			path = Leaderboard;
			sourceTree = "<group>";
		};
		E1F8C1192A8D010C0014678A /* Achievements */ = {
			isa = PBXGroup;
			children = (
				E1F8C11C2A8D0A4F0014678A /* achievements.json */,
				E8B073602AA72066004BE4F6 /* Achievement.swift */,
			);
			path = Achievements;
			sourceTree = "<group>";
		};
		E1FB20F72A8C86C700C5D93A /* Model */ = {
			isa = PBXGroup;
			children = (
				E8BD7E712AA8A3CD005CD59C /* Difficulty */,
				E1D224902A8E0451008E60DC /* Users */,
				E1F8C1192A8D010C0014678A /* Achievements */,
			);
			path = Model;
			sourceTree = "<group>";
		};
		E849007E2A8E4E75005FA462 /* Game History */ = {
			isa = PBXGroup;
			children = (
				E1D2248B2A8DC59B008E60DC /* Achievements */,
				E849007F2A8E4E89005FA462 /* GameHistoryView.swift */,
			);
			path = "Game History";
			sourceTree = "<group>";
		};
		E8921D0C2A90D3FB006D1A51 /* How To */ = {
			isa = PBXGroup;
			children = (
				E8921D0A2A90D3F1006D1A51 /* HowToView.swift */,
			);
			path = "How To";
			sourceTree = "<group>";
		};
		E89AF7012AA87CEF00D3B5AF /* UserReg */ = {
			isa = PBXGroup;
			children = (
				E8B0735E2AA70F80004BE4F6 /* SwitchUser.swift */,
				E89AF6F72AA81A6800D3B5AF /* NoItemView.swift */,
				E89AF6FD2AA857F300D3B5AF /* AddUser.swift */,
			);
			path = UserReg;
			sourceTree = "<group>";
		};
		E8B0735D2AA70F60004BE4F6 /* Game */ = {
			isa = PBXGroup;
			children = (
				E89AF7012AA87CEF00D3B5AF /* UserReg */,
			);
			path = Game;
			sourceTree = "<group>";
		};
		E8B073662AA7518D004BE4F6 /* ViewModel */ = {
			isa = PBXGroup;
			children = (
				E8B073672AA751A3004BE4F6 /* UserViewModel.swift */,
				E89D30362AA961F400474649 /* GameViewModel.swift */,
				E89D30382AA9B56900474649 /* AchievementsViewModel.swift */,
			);
			path = ViewModel;
			sourceTree = "<group>";
		};
		E8B46C3E2A905BBC00D46070 /* Settings */ = {
			isa = PBXGroup;
			children = (
				E8BD7E9A2AA8CD42005CD59C /* Setting.swift */,
				E8BD7E9E2AA8CF46005CD59C /* DifficultySelection.swift */,
			);
			path = Settings;
			sourceTree = "<group>";
		};
		E8BD7E712AA8A3CD005CD59C /* Difficulty */ = {
			isa = PBXGroup;
			children = (
				E8BD7E9C2AA8CD70005CD59C /* Difficulty.swift */,
			);
			path = Difficulty;
			sourceTree = "<group>";
		};
		E8BD7E952AA8B220005CD59C /* Game */ = {
			isa = PBXGroup;
			children = (
				E8BD7E962AA8B25A005CD59C /* GameView.swift */,
				E8BD7E982AA8BD7C005CD59C /* GameOver.swift */,
			);
			path = Game;
			sourceTree = "<group>";
		};
		E8F329B62AA9CAD40055AC50 /* Audio */ = {
			isa = PBXGroup;
			children = (
				E8F329C62AA9D76E0055AC50 /* BackGround */,
				E8F329C32AA9D47F0055AC50 /* FX */,
				E8F329B42AA9CACF0055AC50 /* MusicPlayer.swift */,
				E8F329B72AA9CB160055AC50 /* Sound.swift */,
			);
			path = Audio;
			sourceTree = "<group>";
		};
		E8F329C32AA9D47F0055AC50 /* FX */ = {
			isa = PBXGroup;
			children = (
				E8F329BF2AA9D44C0055AC50 /* cardShuffle.mp3 */,
				E8F329BB2AA9D3CF0055AC50 /* cardFlip.wav */,
				E8F329BD2AA9D3ED0055AC50 /* victory.wav */,
				E8F329C12AA9D46D0055AC50 /* defeat.mp3 */,
				E8F329B92AA9CBF60055AC50 /* click.wav */,
			);
			path = FX;
			sourceTree = "<group>";
		};
		E8F329C62AA9D76E0055AC50 /* BackGround */ = {
			isa = PBXGroup;
			children = (
				E8F329C92AA9D7800055AC50 /* Allegro.mp3 */,
				E8F329CA2AA9D7800055AC50 /* Ceremonial.mp3 */,
				E8F329C72AA9D77F0055AC50 /* Dreamland.mp3 */,
				E8F329C82AA9D7800055AC50 /* Snowfall.mp3 */,
			);
			path = BackGround;
			sourceTree = "<group>";
		};
		F731C7FE2A8B163100E22489 = {
			isa = PBXGroup;
			children = (
				F731C8092A8B163100E22489 /* Memory Game */,
				F731C8082A8B163100E22489 /* Products */,
			);
			sourceTree = "<group>";
		};
		F731C8082A8B163100E22489 /* Products */ = {
			isa = PBXGroup;
			children = (
				F731C8072A8B163100E22489 /* Memory Game.app */,
			);
			name = Products;
			sourceTree = "<group>";
		};
		F731C8092A8B163100E22489 /* Memory Game */ = {
			isa = PBXGroup;
			children = (
				E899C50B2AAA277F00E7A0EC /* iOS Development - Assignment 2 - s3938145 -Report.pdf */,
				E8F329B62AA9CAD40055AC50 /* Audio */,
				E8BD7E952AA8B220005CD59C /* Game */,
				F731C80A2A8B163100E22489 /* Memory_GameApp.swift */,
				E1FB20F72A8C86C700C5D93A /* Model */,
				E8B073662AA7518D004BE4F6 /* ViewModel */,
				F731C81C2A8B382800E22489 /* View */,
				E1F8C1142A8CF4DB0014678A /* Helpers */,
				F731C80E2A8B163300E22489 /* Assets.xcassets */,
				F731C8102A8B163300E22489 /* Preview Content */,
			);
			path = "Memory Game";
			sourceTree = "<group>";
		};
		F731C8102A8B163300E22489 /* Preview Content */ = {
			isa = PBXGroup;
			children = (
				F731C8112A8B163300E22489 /* Preview Assets.xcassets */,
			);
			path = "Preview Content";
			sourceTree = "<group>";
		};
		F731C81C2A8B382800E22489 /* View */ = {
			isa = PBXGroup;
			children = (
				F731C80C2A8B163100E22489 /* ContentView.swift */,
				E8B0735D2AA70F60004BE4F6 /* Game */,
				E8921D0C2A90D3FB006D1A51 /* How To */,
				E8B46C3E2A905BBC00D46070 /* Settings */,
				E1F8C1172A8D00B60014678A /* Leaderboard */,
			);
			path = View;
			sourceTree = "<group>";
		};
/* End PBXGroup section */

/* Begin PBXNativeTarget section */
		F731C8062A8B163100E22489 /* Memory Game */ = {
			isa = PBXNativeTarget;
			buildConfigurationList = F731C8152A8B163300E22489 /* Build configuration list for PBXNativeTarget "Memory Game" */;
			buildPhases = (
				F731C8032A8B163100E22489 /* Sources */,
				F731C8042A8B163100E22489 /* Frameworks */,
				F731C8052A8B163100E22489 /* Resources */,
			);
			buildRules = (
			);
			dependencies = (
			);
			name = "Memory Game";
			productName = "Memory Game";
			productReference = F731C8072A8B163100E22489 /* Memory Game.app */;
			productType = "com.apple.product-type.application";
		};
/* End PBXNativeTarget section */

/* Begin PBXProject section */
		F731C7FF2A8B163100E22489 /* Project object */ = {
			isa = PBXProject;
			attributes = {
				BuildIndependentTargetsInParallel = 1;
				LastSwiftUpdateCheck = 1430;
				LastUpgradeCheck = 1430;
				TargetAttributes = {
					F731C8062A8B163100E22489 = {
						CreatedOnToolsVersion = 14.3.1;
					};
				};
			};
			buildConfigurationList = F731C8022A8B163100E22489 /* Build configuration list for PBXProject "Memory Game" */;
			compatibilityVersion = "Xcode 14.0";
			developmentRegion = en;
			hasScannedForEncodings = 0;
			knownRegions = (
				en,
				Base,
			);
			mainGroup = F731C7FE2A8B163100E22489;
			productRefGroup = F731C8082A8B163100E22489 /* Products */;
			projectDirPath = "";
			projectRoot = "";
			targets = (
				F731C8062A8B163100E22489 /* Memory Game */,
			);
		};
/* End PBXProject section */

/* Begin PBXResourcesBuildPhase section */
		F731C8052A8B163100E22489 /* Resources */ = {
			isa = PBXResourcesBuildPhase;
			buildActionMask = 2147483647;
			files = (
				E8F329CB2AA9D7800055AC50 /* Dreamland.mp3 in Resources */,
				E8F329C22AA9D46D0055AC50 /* defeat.mp3 in Resources */,
				E8F329BC2AA9D3CF0055AC50 /* cardFlip.wav in Resources */,
				E8F329CD2AA9D7800055AC50 /* Allegro.mp3 in Resources */,
				F731C8122A8B163300E22489 /* Preview Assets.xcassets in Resources */,
				E1F8C11D2A8D0A4F0014678A /* achievements.json in Resources */,
				E899C50C2AAA277F00E7A0EC /* iOS Development - Assignment 2 - s3938145 -Report.pdf in Resources */,
				E8F329C02AA9D44C0055AC50 /* cardShuffle.mp3 in Resources */,
				E8F329CC2AA9D7800055AC50 /* Snowfall.mp3 in Resources */,
				F731C80F2A8B163300E22489 /* Assets.xcassets in Resources */,
				E8F329BA2AA9CBF60055AC50 /* click.wav in Resources */,
				E8F329BE2AA9D3ED0055AC50 /* victory.wav in Resources */,
				E8F329CE2AA9D7800055AC50 /* Ceremonial.mp3 in Resources */,
			);
			runOnlyForDeploymentPostprocessing = 0;
		};
/* End PBXResourcesBuildPhase section */

/* Begin PBXSourcesBuildPhase section */
		F731C8032A8B163100E22489 /* Sources */ = {
			isa = PBXSourcesBuildPhase;
			buildActionMask = 2147483647;
			files = (
				E8B073682AA751A3004BE4F6 /* UserViewModel.swift in Sources */,
				E8BD7E9F2AA8CF46005CD59C /* DifficultySelection.swift in Sources */,
				E8F329B52AA9CACF0055AC50 /* MusicPlayer.swift in Sources */,
				F731C80D2A8B163100E22489 /* ContentView.swift in Sources */,
				E8BD7E992AA8BD7C005CD59C /* GameOver.swift in Sources */,
				E8BD7E9D2AA8CD70005CD59C /* Difficulty.swift in Sources */,
				E1F8C1132A8CF3950014678A /* CenterToolBarTitle.swift in Sources */,
				E8B073612AA72066004BE4F6 /* Achievement.swift in Sources */,
				E1D2248D2A8DC5AE008E60DC /* AchievementView.swift in Sources */,
				F731C81E2A8B384800E22489 /* Leaderboard.swift in Sources */,
				E8F329B82AA9CB160055AC50 /* Sound.swift in Sources */,
				E89D30372AA961F400474649 /* GameViewModel.swift in Sources */,
				E89AF6FE2AA857F300D3B5AF /* AddUser.swift in Sources */,
				E15A34832A8CC8DE003263D9 /* LeaderboardRow.swift in Sources */,
				F731C80B2A8B163100E22489 /* Memory_GameApp.swift in Sources */,
				E8BD7E9B2AA8CD42005CD59C /* Setting.swift in Sources */,
				E89D30392AA9B56900474649 /* AchievementsViewModel.swift in Sources */,
				E8A3DD912A905A4100615B15 /* MenuButtons.swift in Sources */,
				E84900802A8E4E89005FA462 /* GameHistoryView.swift in Sources */,
				E8BD7E972AA8B25A005CD59C /* GameView.swift in Sources */,
				E8B0735F2AA70F80004BE4F6 /* SwitchUser.swift in Sources */,
				E89AF6F82AA81A6800D3B5AF /* NoItemView.swift in Sources */,
				E1D2248F2A8DCCD3008E60DC /* AchievementRow.swift in Sources */,
				E8921D0B2A90D3F1006D1A51 /* HowToView.swift in Sources */,
				E1D224942A8E07D5008E60DC /* User.swift in Sources */,
			);
			runOnlyForDeploymentPostprocessing = 0;
		};
/* End PBXSourcesBuildPhase section */

/* Begin XCBuildConfiguration section */
		F731C8132A8B163300E22489 /* Debug */ = {
			isa = XCBuildConfiguration;
			buildSettings = {
				ALWAYS_SEARCH_USER_PATHS = NO;
				CLANG_ANALYZER_NONNULL = YES;
				CLANG_ANALYZER_NUMBER_OBJECT_CONVERSION = YES_AGGRESSIVE;
				CLANG_CXX_LANGUAGE_STANDARD = "gnu++20";
				CLANG_ENABLE_MODULES = YES;
				CLANG_ENABLE_OBJC_ARC = YES;
				CLANG_ENABLE_OBJC_WEAK = YES;
				CLANG_WARN_BLOCK_CAPTURE_AUTORELEASING = YES;
				CLANG_WARN_BOOL_CONVERSION = YES;
				CLANG_WARN_COMMA = YES;
				CLANG_WARN_CONSTANT_CONVERSION = YES;
				CLANG_WARN_DEPRECATED_OBJC_IMPLEMENTATIONS = YES;
				CLANG_WARN_DIRECT_OBJC_ISA_USAGE = YES_ERROR;
				CLANG_WARN_DOCUMENTATION_COMMENTS = YES;
				CLANG_WARN_EMPTY_BODY = YES;
				CLANG_WARN_ENUM_CONVERSION = YES;
				CLANG_WARN_INFINITE_RECURSION = YES;
				CLANG_WARN_INT_CONVERSION = YES;
				CLANG_WARN_NON_LITERAL_NULL_CONVERSION = YES;
				CLANG_WARN_OBJC_IMPLICIT_RETAIN_SELF = YES;
				CLANG_WARN_OBJC_LITERAL_CONVERSION = YES;
				CLANG_WARN_OBJC_ROOT_CLASS = YES_ERROR;
				CLANG_WARN_QUOTED_INCLUDE_IN_FRAMEWORK_HEADER = YES;
				CLANG_WARN_RANGE_LOOP_ANALYSIS = YES;
				CLANG_WARN_STRICT_PROTOTYPES = YES;
				CLANG_WARN_SUSPICIOUS_MOVE = YES;
				CLANG_WARN_UNGUARDED_AVAILABILITY = YES_AGGRESSIVE;
				CLANG_WARN_UNREACHABLE_CODE = YES;
				CLANG_WARN__DUPLICATE_METHOD_MATCH = YES;
				COPY_PHASE_STRIP = NO;
				DEBUG_INFORMATION_FORMAT = dwarf;
				ENABLE_STRICT_OBJC_MSGSEND = YES;
				ENABLE_TESTABILITY = YES;
				GCC_C_LANGUAGE_STANDARD = gnu11;
				GCC_DYNAMIC_NO_PIC = NO;
				GCC_NO_COMMON_BLOCKS = YES;
				GCC_OPTIMIZATION_LEVEL = 0;
				GCC_PREPROCESSOR_DEFINITIONS = (
					"DEBUG=1",
					"$(inherited)",
				);
				GCC_WARN_64_TO_32_BIT_CONVERSION = YES;
				GCC_WARN_ABOUT_RETURN_TYPE = YES_ERROR;
				GCC_WARN_UNDECLARED_SELECTOR = YES;
				GCC_WARN_UNINITIALIZED_AUTOS = YES_AGGRESSIVE;
				GCC_WARN_UNUSED_FUNCTION = YES;
				GCC_WARN_UNUSED_VARIABLE = YES;
				IPHONEOS_DEPLOYMENT_TARGET = 16.4;
				MTL_ENABLE_DEBUG_INFO = INCLUDE_SOURCE;
				MTL_FAST_MATH = YES;
				ONLY_ACTIVE_ARCH = YES;
				SDKROOT = iphoneos;
				SWIFT_ACTIVE_COMPILATION_CONDITIONS = DEBUG;
				SWIFT_OPTIMIZATION_LEVEL = "-Onone";
			};
			name = Debug;
		};
		F731C8142A8B163300E22489 /* Release */ = {
			isa = XCBuildConfiguration;
			buildSettings = {
				ALWAYS_SEARCH_USER_PATHS = NO;
				CLANG_ANALYZER_NONNULL = YES;
				CLANG_ANALYZER_NUMBER_OBJECT_CONVERSION = YES_AGGRESSIVE;
				CLANG_CXX_LANGUAGE_STANDARD = "gnu++20";
				CLANG_ENABLE_MODULES = YES;
				CLANG_ENABLE_OBJC_ARC = YES;
				CLANG_ENABLE_OBJC_WEAK = YES;
				CLANG_WARN_BLOCK_CAPTURE_AUTORELEASING = YES;
				CLANG_WARN_BOOL_CONVERSION = YES;
				CLANG_WARN_COMMA = YES;
				CLANG_WARN_CONSTANT_CONVERSION = YES;
				CLANG_WARN_DEPRECATED_OBJC_IMPLEMENTATIONS = YES;
				CLANG_WARN_DIRECT_OBJC_ISA_USAGE = YES_ERROR;
				CLANG_WARN_DOCUMENTATION_COMMENTS = YES;
				CLANG_WARN_EMPTY_BODY = YES;
				CLANG_WARN_ENUM_CONVERSION = YES;
				CLANG_WARN_INFINITE_RECURSION = YES;
				CLANG_WARN_INT_CONVERSION = YES;
				CLANG_WARN_NON_LITERAL_NULL_CONVERSION = YES;
				CLANG_WARN_OBJC_IMPLICIT_RETAIN_SELF = YES;
				CLANG_WARN_OBJC_LITERAL_CONVERSION = YES;
				CLANG_WARN_OBJC_ROOT_CLASS = YES_ERROR;
				CLANG_WARN_QUOTED_INCLUDE_IN_FRAMEWORK_HEADER = YES;
				CLANG_WARN_RANGE_LOOP_ANALYSIS = YES;
				CLANG_WARN_STRICT_PROTOTYPES = YES;
				CLANG_WARN_SUSPICIOUS_MOVE = YES;
				CLANG_WARN_UNGUARDED_AVAILABILITY = YES_AGGRESSIVE;
				CLANG_WARN_UNREACHABLE_CODE = YES;
				CLANG_WARN__DUPLICATE_METHOD_MATCH = YES;
				COPY_PHASE_STRIP = NO;
				DEBUG_INFORMATION_FORMAT = "dwarf-with-dsym";
				ENABLE_NS_ASSERTIONS = NO;
				ENABLE_STRICT_OBJC_MSGSEND = YES;
				GCC_C_LANGUAGE_STANDARD = gnu11;
				GCC_NO_COMMON_BLOCKS = YES;
				GCC_WARN_64_TO_32_BIT_CONVERSION = YES;
				GCC_WARN_ABOUT_RETURN_TYPE = YES_ERROR;
				GCC_WARN_UNDECLARED_SELECTOR = YES;
				GCC_WARN_UNINITIALIZED_AUTOS = YES_AGGRESSIVE;
				GCC_WARN_UNUSED_FUNCTION = YES;
				GCC_WARN_UNUSED_VARIABLE = YES;
				IPHONEOS_DEPLOYMENT_TARGET = 16.4;
				MTL_ENABLE_DEBUG_INFO = NO;
				MTL_FAST_MATH = YES;
				SDKROOT = iphoneos;
				SWIFT_COMPILATION_MODE = wholemodule;
				SWIFT_OPTIMIZATION_LEVEL = "-O";
				VALIDATE_PRODUCT = YES;
			};
			name = Release;
		};
		F731C8162A8B163300E22489 /* Debug */ = {
			isa = XCBuildConfiguration;
			buildSettings = {
				ASSETCATALOG_COMPILER_APPICON_NAME = AppIcon;
				ASSETCATALOG_COMPILER_GLOBAL_ACCENT_COLOR_NAME = AccentColor;
				CODE_SIGN_STYLE = Automatic;
				CURRENT_PROJECT_VERSION = 1;
				DEVELOPMENT_ASSET_PATHS = "\"Memory Game/Preview Content\"";
				DEVELOPMENT_TEAM = LRK8DCM66Z;
				ENABLE_PREVIEWS = YES;
				GENERATE_INFOPLIST_FILE = YES;
				INFOPLIST_KEY_UIApplicationSceneManifest_Generation = YES;
				INFOPLIST_KEY_UIApplicationSupportsIndirectInputEvents = YES;
				INFOPLIST_KEY_UILaunchScreen_Generation = YES;
				INFOPLIST_KEY_UISupportedInterfaceOrientations_iPad = "UIInterfaceOrientationPortrait UIInterfaceOrientationPortraitUpsideDown UIInterfaceOrientationLandscapeLeft UIInterfaceOrientationLandscapeRight";
				INFOPLIST_KEY_UISupportedInterfaceOrientations_iPhone = "UIInterfaceOrientationPortrait UIInterfaceOrientationLandscapeLeft UIInterfaceOrientationLandscapeRight";
				LD_RUNPATH_SEARCH_PATHS = (
					"$(inherited)",
					"@executable_path/Frameworks",
				);
				MARKETING_VERSION = 1.0;
				PRODUCT_BUNDLE_IDENTIFIER = "com.WillConnCo.Memory-Game";
				PRODUCT_NAME = "$(TARGET_NAME)";
				SWIFT_EMIT_LOC_STRINGS = YES;
				SWIFT_VERSION = 5.0;
				TARGETED_DEVICE_FAMILY = "1,2";
			};
			name = Debug;
		};
		F731C8172A8B163300E22489 /* Release */ = {
			isa = XCBuildConfiguration;
			buildSettings = {
				ASSETCATALOG_COMPILER_APPICON_NAME = AppIcon;
				ASSETCATALOG_COMPILER_GLOBAL_ACCENT_COLOR_NAME = AccentColor;
				CODE_SIGN_STYLE = Automatic;
				CURRENT_PROJECT_VERSION = 1;
				DEVELOPMENT_ASSET_PATHS = "\"Memory Game/Preview Content\"";
				DEVELOPMENT_TEAM = LRK8DCM66Z;
				ENABLE_PREVIEWS = YES;
				GENERATE_INFOPLIST_FILE = YES;
				INFOPLIST_KEY_UIApplicationSceneManifest_Generation = YES;
				INFOPLIST_KEY_UIApplicationSupportsIndirectInputEvents = YES;
				INFOPLIST_KEY_UILaunchScreen_Generation = YES;
				INFOPLIST_KEY_UISupportedInterfaceOrientations_iPad = "UIInterfaceOrientationPortrait UIInterfaceOrientationPortraitUpsideDown UIInterfaceOrientationLandscapeLeft UIInterfaceOrientationLandscapeRight";
				INFOPLIST_KEY_UISupportedInterfaceOrientations_iPhone = "UIInterfaceOrientationPortrait UIInterfaceOrientationLandscapeLeft UIInterfaceOrientationLandscapeRight";
				LD_RUNPATH_SEARCH_PATHS = (
					"$(inherited)",
					"@executable_path/Frameworks",
				);
				MARKETING_VERSION = 1.0;
				PRODUCT_BUNDLE_IDENTIFIER = "com.WillConnCo.Memory-Game";
				PRODUCT_NAME = "$(TARGET_NAME)";
				SWIFT_EMIT_LOC_STRINGS = YES;
				SWIFT_VERSION = 5.0;
				TARGETED_DEVICE_FAMILY = "1,2";
			};
			name = Release;
		};
/* End XCBuildConfiguration section */

/* Begin XCConfigurationList section */
		F731C8022A8B163100E22489 /* Build configuration list for PBXProject "Memory Game" */ = {
			isa = XCConfigurationList;
			buildConfigurations = (
				F731C8132A8B163300E22489 /* Debug */,
				F731C8142A8B163300E22489 /* Release */,
			);
			defaultConfigurationIsVisible = 0;
			defaultConfigurationName = Release;
		};
		F731C8152A8B163300E22489 /* Build configuration list for PBXNativeTarget "Memory Game" */ = {
			isa = XCConfigurationList;
			buildConfigurations = (
				F731C8162A8B163300E22489 /* Debug */,
				F731C8172A8B163300E22489 /* Release */,
			);
			defaultConfigurationIsVisible = 0;
			defaultConfigurationName = Release;
		};
/* End XCConfigurationList section */
	};
	rootObject = F731C7FF2A8B163100E22489 /* Project object */;
}
